<?xml version="1.0" encoding="utf-8"?>
<Project ToolsVersion="4.0" xmlns="http://schemas.microsoft.com/developer/msbuild/2003">
  <ItemGroup>
    <Filter Include="Source Files">
      <UniqueIdentifier>{4FC737F1-C7A5-4376-A066-2A32D752A2FF}</UniqueIdentifier>
      <Extensions>cpp;c;cc;cxx;def;odl;idl;hpj;bat;asm;asmx</Extensions>
    </Filter>
    <Filter Include="Header Files">
      <UniqueIdentifier>{93995380-89BD-4b04-88EB-625FBE52EBFB}</UniqueIdentifier>
      <Extensions>h;hh;hpp;hxx;hm;inl;inc;xsd</Extensions>
    </Filter>
    <Filter Include="Resource Files">
      <UniqueIdentifier>{67DA6AB6-F800-4c08-8B7A-83BB121AAD01}</UniqueIdentifier>
      <Extensions>rc;ico;cur;bmp;dlg;rc2;rct;bin;rgs;gif;jpg;jpeg;jpe;resx;tiff;tif;png;wav;mfcribbon-ms</Extensions>
    </Filter>
    <Filter Include="Header Files\tinyXML">
      <UniqueIdentifier>{6fb65b36-7d6f-4e31-bdf2-3408ef463bd6}</UniqueIdentifier>
    </Filter>
    <Filter Include="Header Files\EACirc dependencies">
      <UniqueIdentifier>{520b3435-e7dd-4f45-9926-4d27e65edb38}</UniqueIdentifier>
    </Filter>
  </ItemGroup>
  <ItemGroup>
    <ClInclude Include="src\OneclickConstants.h">
      <Filter>Header Files</Filter>
    </ClInclude>
    <ClInclude Include="src\ResultProcessor.h">
      <Filter>Header Files</Filter>
    </ClInclude>
    <ClInclude Include="src\Utils.h">
      <Filter>Header Files</Filter>
    </ClInclude>
    <ClInclude Include="src\XMLproc.h">
      <Filter>Header Files</Filter>
    </ClInclude>
    <ClInclude Include="src\ConfigParser.h">
      <Filter>Header Files</Filter>
    </ClInclude>
    <ClInclude Include="src\dirent.h">
      <Filter>Header Files</Filter>
    </ClInclude>
    <ClInclude Include="src\FileGenerator.h">
      <Filter>Header Files</Filter>
    </ClInclude>
    <ClInclude Include="src\FileSystem.h">
      <Filter>Header Files</Filter>
    </ClInclude>
    <ClInclude Include="src\FileLogger.hpp">
      <Filter>Header Files</Filter>
    </ClInclude>
    <ClInclude Include="src\tinyXML\tinystr.h">
      <Filter>Header Files\tinyXML</Filter>
    </ClInclude>
    <ClInclude Include="src\tinyXML\tinyxml.h">
      <Filter>Header Files\tinyXML</Filter>
    </ClInclude>
    <ClInclude Include="..\EACirc\EACconstants.h">
      <Filter>Header Files\EACirc dependencies</Filter>
    </ClInclude>
    <ClInclude Include="..\EACirc\projects\estream\EstreamCiphers.h">
      <Filter>Header Files\EACirc dependencies</Filter>
    </ClInclude>
    <ClInclude Include="..\EACirc\projects\sha3\Sha3Functions.h">
      <Filter>Header Files\EACirc dependencies</Filter>
    </ClInclude>
  </ItemGroup>
  <ItemGroup>
    <ClCompile Include="src\OneclickConstants.cpp">
      <Filter>Source Files</Filter>
    </ClCompile>
    <ClCompile Include="src\ResultProcessor.cpp">
      <Filter>Source Files</Filter>
    </ClCompile>
    <ClCompile Include="src\XMLproc.cpp">
      <Filter>Source Files</Filter>
    </ClCompile>
    <ClCompile Include="src\ConfigParser.cpp">
      <Filter>Source Files</Filter>
    </ClCompile>
    <ClCompile Include="src\FileGenerator.cpp">
      <Filter>Source Files</Filter>
    </ClCompile>
    <ClCompile Include="src\main.cpp">
      <Filter>Source Files</Filter>
    </ClCompile>
    <ClCompile Include="src\tinyXML\tinystr.cpp">
      <Filter>Header Files\tinyXML</Filter>
    </ClCompile>
    <ClCompile Include="src\tinyXML\tinyxml.cpp">
      <Filter>Header Files\tinyXML</Filter>
    </ClCompile>
    <ClCompile Include="src\tinyXML\tinyxmlerror.cpp">
      <Filter>Header Files\tinyXML</Filter>
    </ClCompile>
    <ClCompile Include="src\tinyXML\tinyxmlparser.cpp">
      <Filter>Header Files\tinyXML</Filter>
    </ClCompile>
    <ClCompile Include="..\EACirc\projects\estream\EstreamCiphers.cpp">
      <Filter>Header Files\EACirc dependencies</Filter>
    </ClCompile>
    <ClCompile Include="..\EACirc\projects\sha3\Sha3Functions.cpp">
      <Filter>Header Files\EACirc dependencies</Filter>
    </ClCompile>
  </ItemGroup>
</Project>